
Microsoft Visual Studio Solution File, Format Version 12.00
# Visual Studio Version 17
VisualStudioVersion = 17.0.31903.59
MinimumVisualStudioVersion = 10.0.40219.1
Project("{FAE04EC0-301F-11D3-BF4B-00C04F79EFBC}") = "BlazorClient", "BlazorClient\BlazorClient.csproj", "{CD9ABBB5-0FBF-4A1A-8CD8-2DAA6F0D8F11}"
EndProject
Project("{FAE04EC0-301F-11D3-BF4B-00C04F79EFBC}") = "Database", "Database\Database.csproj", "{EE79BE6D-66B1-411B-9FF3-81F2D675C13D}"
EndProject
Project("{FAE04EC0-301F-11D3-BF4B-00C04F79EFBC}") = "CommercialApi", "CommercialApi\CommercialApi.csproj", "{F8DDEBA6-8839-43F4-98E2-324236BF9558}"
EndProject
Global
	GlobalSection(SolutionConfigurationPlatforms) = preSolution
		Debug|Any CPU = Debug|Any CPU
		Debug|x64 = Debug|x64
		Debug|x86 = Debug|x86
		Release|Any CPU = Release|Any CPU
		Release|x64 = Release|x64
		Release|x86 = Release|x86
	EndGlobalSection
	GlobalSection(ProjectConfigurationPlatforms) = postSolution
		{CD9ABBB5-0FBF-4A1A-8CD8-2DAA6F0D8F11}.Debug|Any CPU.ActiveCfg = Debug|Any CPU
		{CD9ABBB5-0FBF-4A1A-8CD8-2DAA6F0D8F11}.Debug|Any CPU.Build.0 = Debug|Any CPU
		{CD9ABBB5-0FBF-4A1A-8CD8-2DAA6F0D8F11}.Debug|x64.ActiveCfg = Debug|Any CPU
		{CD9ABBB5-0FBF-4A1A-8CD8-2DAA6F0D8F11}.Debug|x64.Build.0 = Debug|Any CPU
		{CD9ABBB5-0FBF-4A1A-8CD8-2DAA6F0D8F11}.Debug|x86.ActiveCfg = Debug|Any CPU
		{CD9ABBB5-0FBF-4A1A-8CD8-2DAA6F0D8F11}.Debug|x86.Build.0 = Debug|Any CPU
		{CD9ABBB5-0FBF-4A1A-8CD8-2DAA6F0D8F11}.Release|Any CPU.ActiveCfg = Release|Any CPU
		{CD9ABBB5-0FBF-4A1A-8CD8-2DAA6F0D8F11}.Release|Any CPU.Build.0 = Release|Any CPU
		{CD9ABBB5-0FBF-4A1A-8CD8-2DAA6F0D8F11}.Release|x64.ActiveCfg = Release|Any CPU
		{CD9ABBB5-0FBF-4A1A-8CD8-2DAA6F0D8F11}.Release|x64.Build.0 = Release|Any CPU
		{CD9ABBB5-0FBF-4A1A-8CD8-2DAA6F0D8F11}.Release|x86.ActiveCfg = Release|Any CPU
		{CD9ABBB5-0FBF-4A1A-8CD8-2DAA6F0D8F11}.Release|x86.Build.0 = Release|Any CPU
		{EE79BE6D-66B1-411B-9FF3-81F2D675C13D}.Debug|Any CPU.ActiveCfg = Debug|Any CPU
		{EE79BE6D-66B1-411B-9FF3-81F2D675C13D}.Debug|Any CPU.Build.0 = Debug|Any CPU
		{EE79BE6D-66B1-411B-9FF3-81F2D675C13D}.Debug|x64.ActiveCfg = Debug|Any CPU
		{EE79BE6D-66B1-411B-9FF3-81F2D675C13D}.Debug|x64.Build.0 = Debug|Any CPU
		{EE79BE6D-66B1-411B-9FF3-81F2D675C13D}.Debug|x86.ActiveCfg = Debug|Any CPU
		{EE79BE6D-66B1-411B-9FF3-81F2D675C13D}.Debug|x86.Build.0 = Debug|Any CPU
		{EE79BE6D-66B1-411B-9FF3-81F2D675C13D}.Release|Any CPU.ActiveCfg = Release|Any CPU
		{EE79BE6D-66B1-411B-9FF3-81F2D675C13D}.Release|Any CPU.Build.0 = Release|Any CPU
		{EE79BE6D-66B1-411B-9FF3-81F2D675C13D}.Release|x64.ActiveCfg = Release|Any CPU
		{EE79BE6D-66B1-411B-9FF3-81F2D675C13D}.Release|x64.Build.0 = Release|Any CPU
		{EE79BE6D-66B1-411B-9FF3-81F2D675C13D}.Release|x86.ActiveCfg = Release|Any CPU
		{EE79BE6D-66B1-411B-9FF3-81F2D675C13D}.Release|x86.Build.0 = Release|Any CPU
		{F8DDEBA6-8839-43F4-98E2-324236BF9558}.Debug|Any CPU.ActiveCfg = Debug|Any CPU
		{F8DDEBA6-8839-43F4-98E2-324236BF9558}.Debug|Any CPU.Build.0 = Debug|Any CPU
		{F8DDEBA6-8839-43F4-98E2-324236BF9558}.Debug|x64.ActiveCfg = Debug|Any CPU
		{F8DDEBA6-8839-43F4-98E2-324236BF9558}.Debug|x64.Build.0 = Debug|Any CPU
		{F8DDEBA6-8839-43F4-98E2-324236BF9558}.Debug|x86.ActiveCfg = Debug|Any CPU
		{F8DDEBA6-8839-43F4-98E2-324236BF9558}.Debug|x86.Build.0 = Debug|Any CPU
		{F8DDEBA6-8839-43F4-98E2-324236BF9558}.Release|Any CPU.ActiveCfg = Release|Any CPU
		{F8DDEBA6-8839-43F4-98E2-324236BF9558}.Release|Any CPU.Build.0 = Release|Any CPU
		{F8DDEBA6-8839-43F4-98E2-324236BF9558}.Release|x64.ActiveCfg = Release|Any CPU
		{F8DDEBA6-8839-43F4-98E2-324236BF9558}.Release|x64.Build.0 = Release|Any CPU
		{F8DDEBA6-8839-43F4-98E2-324236BF9558}.Release|x86.ActiveCfg = Release|Any CPU
		{F8DDEBA6-8839-43F4-98E2-324236BF9558}.Release|x86.Build.0 = Release|Any CPU
	EndGlobalSection
	GlobalSection(SolutionProperties) = preSolution
		HideSolutionNode = FALSE
	EndGlobalSection
EndGlobal
